
Microsoft Visual Studio Solution File, Format Version 12.00
# Visual Studio Version 17
VisualStudioVersion = 17.8.34511.84
MinimumVisualStudioVersion = 10.0.40219.1
Project("{9A19103F-16F7-4668-BE54-9A1E7A4F7556}") = "ReservAR.Presentation", "ReservAR.Presentation\ReservAR.Presentation.csproj", "{5BE72671-2512-455B-BF32-9BD7806EB23F}"
EndProject
Project("{9A19103F-16F7-4668-BE54-9A1E7A4F7556}") = "ReservAR.Contracts", "ReservAR.Contracts\ReservAR.Contracts.csproj", "{C1544FB6-3C54-41E3-AEBA-D3B575AF2951}"
EndProject
Project("{9A19103F-16F7-4668-BE54-9A1E7A4F7556}") = "ReservAR.Domain", "ReservAR.Domain\ReservAR.Domain.csproj", "{0001EF6B-7EDD-4146-8452-B9153DFE62A2}"
EndProject
Project("{9A19103F-16F7-4668-BE54-9A1E7A4F7556}") = "ReservAR.Application", "ReservAR.Application\ReservAR.Application.csproj", "{AA941E89-4A00-49EF-8019-FC0F2E602F25}"
EndProject
Project("{9A19103F-16F7-4668-BE54-9A1E7A4F7556}") = "ReservAR.Infraestructure", "ReservAR.Infraestructure\ReservAR.Infraestructure.csproj", "{EFA722CE-5A67-44A9-BF02-7D8426A601F2}"
EndProject
Project("{FAE04EC0-301F-11D3-BF4B-00C04F79EFBC}") = "ReservAR.Authentication", "ReservAR.Authentication\ReservAR.Authentication.csproj", "{68C5A3A3-E454-4C10-92C4-06945E478B09}"
EndProject
Project("{2150E333-8FDC-42A3-9474-1A3956D46DE8}") = "src", "src", "{EA2C37C9-4DBC-4C62-A2A2-EB6F553AC65D}"
EndProject
Project("{2150E333-8FDC-42A3-9474-1A3956D46DE8}") = "tests", "tests", "{084F068F-F0A9-429F-939E-81BF718365B1}"
EndProject
Project("{FAE04EC0-301F-11D3-BF4B-00C04F79EFBC}") = "ReservAR.Application.Test", "ReservAR.Application.Test\ReservAR.Application.Test.csproj", "{86501381-5970-44B9-B805-FC95B9FBFD5D}"
EndProject
Global
	GlobalSection(SolutionConfigurationPlatforms) = preSolution
		Debug|Any CPU = Debug|Any CPU
		Release|Any CPU = Release|Any CPU
	EndGlobalSection
	GlobalSection(ProjectConfigurationPlatforms) = postSolution
		{5BE72671-2512-455B-BF32-9BD7806EB23F}.Debug|Any CPU.ActiveCfg = Debug|Any CPU
		{5BE72671-2512-455B-BF32-9BD7806EB23F}.Debug|Any CPU.Build.0 = Debug|Any CPU
		{5BE72671-2512-455B-BF32-9BD7806EB23F}.Release|Any CPU.ActiveCfg = Release|Any CPU
		{5BE72671-2512-455B-BF32-9BD7806EB23F}.Release|Any CPU.Build.0 = Release|Any CPU
		{C1544FB6-3C54-41E3-AEBA-D3B575AF2951}.Debug|Any CPU.ActiveCfg = Debug|Any CPU
		{C1544FB6-3C54-41E3-AEBA-D3B575AF2951}.Debug|Any CPU.Build.0 = Debug|Any CPU
		{C1544FB6-3C54-41E3-AEBA-D3B575AF2951}.Release|Any CPU.ActiveCfg = Release|Any CPU
		{C1544FB6-3C54-41E3-AEBA-D3B575AF2951}.Release|Any CPU.Build.0 = Release|Any CPU
		{0001EF6B-7EDD-4146-8452-B9153DFE62A2}.Debug|Any CPU.ActiveCfg = Debug|Any CPU
		{0001EF6B-7EDD-4146-8452-B9153DFE62A2}.Debug|Any CPU.Build.0 = Debug|Any CPU
		{0001EF6B-7EDD-4146-8452-B9153DFE62A2}.Release|Any CPU.ActiveCfg = Release|Any CPU
		{0001EF6B-7EDD-4146-8452-B9153DFE62A2}.Release|Any CPU.Build.0 = Release|Any CPU
		{AA941E89-4A00-49EF-8019-FC0F2E602F25}.Debug|Any CPU.ActiveCfg = Debug|Any CPU
		{AA941E89-4A00-49EF-8019-FC0F2E602F25}.Debug|Any CPU.Build.0 = Debug|Any CPU
		{AA941E89-4A00-49EF-8019-FC0F2E602F25}.Release|Any CPU.ActiveCfg = Release|Any CPU
		{AA941E89-4A00-49EF-8019-FC0F2E602F25}.Release|Any CPU.Build.0 = Release|Any CPU
		{EFA722CE-5A67-44A9-BF02-7D8426A601F2}.Debug|Any CPU.ActiveCfg = Debug|Any CPU
		{EFA722CE-5A67-44A9-BF02-7D8426A601F2}.Debug|Any CPU.Build.0 = Debug|Any CPU
		{EFA722CE-5A67-44A9-BF02-7D8426A601F2}.Release|Any CPU.ActiveCfg = Release|Any CPU
		{EFA722CE-5A67-44A9-BF02-7D8426A601F2}.Release|Any CPU.Build.0 = Release|Any CPU
		{68C5A3A3-E454-4C10-92C4-06945E478B09}.Debug|Any CPU.ActiveCfg = Debug|Any CPU
		{68C5A3A3-E454-4C10-92C4-06945E478B09}.Debug|Any CPU.Build.0 = Debug|Any CPU
		{68C5A3A3-E454-4C10-92C4-06945E478B09}.Release|Any CPU.ActiveCfg = Release|Any CPU
		{68C5A3A3-E454-4C10-92C4-06945E478B09}.Release|Any CPU.Build.0 = Release|Any CPU
		{86501381-5970-44B9-B805-FC95B9FBFD5D}.Debug|Any CPU.ActiveCfg = Debug|Any CPU
		{86501381-5970-44B9-B805-FC95B9FBFD5D}.Debug|Any CPU.Build.0 = Debug|Any CPU
		{86501381-5970-44B9-B805-FC95B9FBFD5D}.Release|Any CPU.ActiveCfg = Release|Any CPU
		{86501381-5970-44B9-B805-FC95B9FBFD5D}.Release|Any CPU.Build.0 = Release|Any CPU
	EndGlobalSection
	GlobalSection(SolutionProperties) = preSolution
		HideSolutionNode = FALSE
	EndGlobalSection
	GlobalSection(NestedProjects) = preSolution
		{5BE72671-2512-455B-BF32-9BD7806EB23F} = {EA2C37C9-4DBC-4C62-A2A2-EB6F553AC65D}
		{C1544FB6-3C54-41E3-AEBA-D3B575AF2951} = {EA2C37C9-4DBC-4C62-A2A2-EB6F553AC65D}
		{0001EF6B-7EDD-4146-8452-B9153DFE62A2} = {EA2C37C9-4DBC-4C62-A2A2-EB6F553AC65D}
		{AA941E89-4A00-49EF-8019-FC0F2E602F25} = {EA2C37C9-4DBC-4C62-A2A2-EB6F553AC65D}
		{EFA722CE-5A67-44A9-BF02-7D8426A601F2} = {EA2C37C9-4DBC-4C62-A2A2-EB6F553AC65D}
		{86501381-5970-44B9-B805-FC95B9FBFD5D} = {084F068F-F0A9-429F-939E-81BF718365B1}
	EndGlobalSection
	GlobalSection(ExtensibilityGlobals) = postSolution
		SolutionGuid = {4A143BBC-A6C8-4502-82A7-F5D45AC41A63}
	EndGlobalSection
EndGlobal
